
Microsoft Visual Studio Solution File, Format Version 12.00
# Visual Studio Version 17
VisualStudioVersion = 17.0.31815.197
MinimumVisualStudioVersion = 10.0.40219.1
Project("{9A19103F-16F7-4668-BE54-9A1E7A4F7556}") = "Booking.Domain", "Booking.Domain\Booking.Domain.csproj", "{8EA75FE1-5FD4-48FA-8C78-8CCF5E1D7C30}"
EndProject
Project("{9A19103F-16F7-4668-BE54-9A1E7A4F7556}") = "Booking.Domain.Tests", "Booking.Domain.Tests\Booking.Domain.Tests.csproj", "{26013CFA-DCA0-4DD7-8CB6-17F32C43C16E}"
EndProject
Project("{9A19103F-16F7-4668-BE54-9A1E7A4F7556}") = "Booking.Persistance", "Booking.Persistance\Booking.Persistance.csproj", "{F544B089-E582-453C-99EF-7CD38AD8D3BA}"
EndProject
Project("{9A19103F-16F7-4668-BE54-9A1E7A4F7556}") = "Booking.Application", "Booking.Application\Booking.Application.csproj", "{A37CA0D9-E506-45E2-B072-0BAE0E0C2B1F}"
EndProject
Project("{9A19103F-16F7-4668-BE54-9A1E7A4F7556}") = "Booking.Api", "Booking.Api\Booking.Api.csproj", "{27F8A4F8-2338-4C9D-B8B9-ECD2D29FA30A}"
EndProject
Project("{9A19103F-16F7-4668-BE54-9A1E7A4F7556}") = "Booking.Api.Contract", "Booking.Api.Contract\Booking.Api.Contract.csproj", "{7D872D7A-90A2-43A6-A494-1E51048121D8}"
EndProject
Project("{9A19103F-16F7-4668-BE54-9A1E7A4F7556}") = "Booking.Mvc.Infrastructure", "Booking.Mvc.Infrastructure\Booking.Mvc.Infrastructure.csproj", "{F48EC9CE-C1B9-4BF8-B1A5-C9E112E8D5E1}"
EndProject
Project("{2150E333-8FDC-42A3-9474-1A3956D46DE8}") = "Booking", "Booking", "{E15E1D43-3D6C-4CA6-8377-35456CFACCB1}"
EndProject
Project("{9A19103F-16F7-4668-BE54-9A1E7A4F7556}") = "Booking.Mvc", "Booking.Mvc\Booking.Mvc.csproj", "{DFEE679C-3A71-4C63-AA5A-64DAA4DC8672}"
EndProject
Project("{2150E333-8FDC-42A3-9474-1A3956D46DE8}") = "Solution Items", "Solution Items", "{9F59BB8D-236E-4223-8B78-27E0ECCEA9CA}"
	ProjectSection(SolutionItems) = preProject
		ReadmeMvcToApi.md = ReadmeMvcToApi.md
	EndProjectSection
EndProject
Project("{FAE04EC0-301F-11D3-BF4B-00C04F79EFBC}") = "Crosscut.Persistance", "Crosscut.Persistance\Crosscut.Persistance.csproj", "{CC8CA532-9F0F-4A9D-8504-6962F2DB8C53}"
EndProject
Project("{2150E333-8FDC-42A3-9474-1A3956D46DE8}") = "Crosscut", "Crosscut", "{D778F970-A7A4-4FBE-A4EB-C46D513DE97E}"
EndProject
Global
	GlobalSection(SolutionConfigurationPlatforms) = preSolution
		Debug|Any CPU = Debug|Any CPU
		Release|Any CPU = Release|Any CPU
	EndGlobalSection
	GlobalSection(ProjectConfigurationPlatforms) = postSolution
		{8EA75FE1-5FD4-48FA-8C78-8CCF5E1D7C30}.Debug|Any CPU.ActiveCfg = Debug|Any CPU
		{8EA75FE1-5FD4-48FA-8C78-8CCF5E1D7C30}.Debug|Any CPU.Build.0 = Debug|Any CPU
		{8EA75FE1-5FD4-48FA-8C78-8CCF5E1D7C30}.Release|Any CPU.ActiveCfg = Release|Any CPU
		{8EA75FE1-5FD4-48FA-8C78-8CCF5E1D7C30}.Release|Any CPU.Build.0 = Release|Any CPU
		{26013CFA-DCA0-4DD7-8CB6-17F32C43C16E}.Debug|Any CPU.ActiveCfg = Debug|Any CPU
		{26013CFA-DCA0-4DD7-8CB6-17F32C43C16E}.Debug|Any CPU.Build.0 = Debug|Any CPU
		{26013CFA-DCA0-4DD7-8CB6-17F32C43C16E}.Release|Any CPU.ActiveCfg = Release|Any CPU
		{26013CFA-DCA0-4DD7-8CB6-17F32C43C16E}.Release|Any CPU.Build.0 = Release|Any CPU
		{F544B089-E582-453C-99EF-7CD38AD8D3BA}.Debug|Any CPU.ActiveCfg = Debug|Any CPU
		{F544B089-E582-453C-99EF-7CD38AD8D3BA}.Debug|Any CPU.Build.0 = Debug|Any CPU
		{F544B089-E582-453C-99EF-7CD38AD8D3BA}.Release|Any CPU.ActiveCfg = Release|Any CPU
		{F544B089-E582-453C-99EF-7CD38AD8D3BA}.Release|Any CPU.Build.0 = Release|Any CPU
		{A37CA0D9-E506-45E2-B072-0BAE0E0C2B1F}.Debug|Any CPU.ActiveCfg = Debug|Any CPU
		{A37CA0D9-E506-45E2-B072-0BAE0E0C2B1F}.Debug|Any CPU.Build.0 = Debug|Any CPU
		{A37CA0D9-E506-45E2-B072-0BAE0E0C2B1F}.Release|Any CPU.ActiveCfg = Release|Any CPU
		{A37CA0D9-E506-45E2-B072-0BAE0E0C2B1F}.Release|Any CPU.Build.0 = Release|Any CPU
		{27F8A4F8-2338-4C9D-B8B9-ECD2D29FA30A}.Debug|Any CPU.ActiveCfg = Debug|Any CPU
		{27F8A4F8-2338-4C9D-B8B9-ECD2D29FA30A}.Debug|Any CPU.Build.0 = Debug|Any CPU
		{27F8A4F8-2338-4C9D-B8B9-ECD2D29FA30A}.Release|Any CPU.ActiveCfg = Release|Any CPU
		{27F8A4F8-2338-4C9D-B8B9-ECD2D29FA30A}.Release|Any CPU.Build.0 = Release|Any CPU
		{7D872D7A-90A2-43A6-A494-1E51048121D8}.Debug|Any CPU.ActiveCfg = Debug|Any CPU
		{7D872D7A-90A2-43A6-A494-1E51048121D8}.Debug|Any CPU.Build.0 = Debug|Any CPU
		{7D872D7A-90A2-43A6-A494-1E51048121D8}.Release|Any CPU.ActiveCfg = Release|Any CPU
		{7D872D7A-90A2-43A6-A494-1E51048121D8}.Release|Any CPU.Build.0 = Release|Any CPU
		{F48EC9CE-C1B9-4BF8-B1A5-C9E112E8D5E1}.Debug|Any CPU.ActiveCfg = Debug|Any CPU
		{F48EC9CE-C1B9-4BF8-B1A5-C9E112E8D5E1}.Debug|Any CPU.Build.0 = Debug|Any CPU
		{F48EC9CE-C1B9-4BF8-B1A5-C9E112E8D5E1}.Release|Any CPU.ActiveCfg = Release|Any CPU
		{F48EC9CE-C1B9-4BF8-B1A5-C9E112E8D5E1}.Release|Any CPU.Build.0 = Release|Any CPU
		{DFEE679C-3A71-4C63-AA5A-64DAA4DC8672}.Debug|Any CPU.ActiveCfg = Debug|Any CPU
		{DFEE679C-3A71-4C63-AA5A-64DAA4DC8672}.Debug|Any CPU.Build.0 = Debug|Any CPU
		{DFEE679C-3A71-4C63-AA5A-64DAA4DC8672}.Release|Any CPU.ActiveCfg = Release|Any CPU
		{DFEE679C-3A71-4C63-AA5A-64DAA4DC8672}.Release|Any CPU.Build.0 = Release|Any CPU
		{CC8CA532-9F0F-4A9D-8504-6962F2DB8C53}.Debug|Any CPU.ActiveCfg = Debug|Any CPU
		{CC8CA532-9F0F-4A9D-8504-6962F2DB8C53}.Debug|Any CPU.Build.0 = Debug|Any CPU
		{CC8CA532-9F0F-4A9D-8504-6962F2DB8C53}.Release|Any CPU.ActiveCfg = Release|Any CPU
		{CC8CA532-9F0F-4A9D-8504-6962F2DB8C53}.Release|Any CPU.Build.0 = Release|Any CPU
	EndGlobalSection
	GlobalSection(SolutionProperties) = preSolution
		HideSolutionNode = FALSE
	EndGlobalSection
	GlobalSection(NestedProjects) = preSolution
		{8EA75FE1-5FD4-48FA-8C78-8CCF5E1D7C30} = {E15E1D43-3D6C-4CA6-8377-35456CFACCB1}
		{26013CFA-DCA0-4DD7-8CB6-17F32C43C16E} = {E15E1D43-3D6C-4CA6-8377-35456CFACCB1}
		{F544B089-E582-453C-99EF-7CD38AD8D3BA} = {E15E1D43-3D6C-4CA6-8377-35456CFACCB1}
		{A37CA0D9-E506-45E2-B072-0BAE0E0C2B1F} = {E15E1D43-3D6C-4CA6-8377-35456CFACCB1}
		{27F8A4F8-2338-4C9D-B8B9-ECD2D29FA30A} = {E15E1D43-3D6C-4CA6-8377-35456CFACCB1}
		{7D872D7A-90A2-43A6-A494-1E51048121D8} = {E15E1D43-3D6C-4CA6-8377-35456CFACCB1}
		{CC8CA532-9F0F-4A9D-8504-6962F2DB8C53} = {D778F970-A7A4-4FBE-A4EB-C46D513DE97E}
	EndGlobalSection
	GlobalSection(ExtensibilityGlobals) = postSolution
		SolutionGuid = {5EB8670F-9282-43A4-B76B-E702CA0096E8}
	EndGlobalSection
EndGlobal
